
Microsoft Visual Studio Solution File, Format Version 12.00
# Visual Studio Version 17
VisualStudioVersion = 17.8.34330.188
MinimumVisualStudioVersion = 10.0.40219.1
Project("{FAE04EC0-301F-11D3-BF4B-00C04F79EFBC}") = "ProgramDirect.Api", "ProgramDirect.Api.csproj", "{7B9B2CEB-0736-493B-8A16-5943A707232B}"
EndProject
Global
	GlobalSection(SolutionConfigurationPlatforms) = preSolution
		Debug|Any CPU = Debug|Any CPU
		Release|Any CPU = Release|Any CPU
	EndGlobalSection
	GlobalSection(ProjectConfigurationPlatforms) = postSolution
		{7B9B2CEB-0736-493B-8A16-5943A707232B}.Debug|Any CPU.ActiveCfg = Debug|Any CPU
		{7B9B2CEB-0736-493B-8A16-5943A707232B}.Debug|Any CPU.Build.0 = Debug|Any CPU
		{7B9B2CEB-0736-493B-8A16-5943A707232B}.Release|Any CPU.ActiveCfg = Release|Any CPU
		{7B9B2CEB-0736-493B-8A16-5943A707232B}.Release|Any CPU.Build.0 = Release|Any CPU
	EndGlobalSection
	GlobalSection(SolutionProperties) = preSolution
		HideSolutionNode = FALSE
	EndGlobalSection
	GlobalSection(ExtensibilityGlobals) = postSolution
		SolutionGuid = {42FD7534-9545-4773-9D46-8D0BB2DD2676}
	EndGlobalSection
EndGlobal
