
Microsoft Visual Studio Solution File, Format Version 12.00
# Visual Studio Version 17
VisualStudioVersion = 17.9.34701.34
MinimumVisualStudioVersion = 10.0.40219.1
Project("{FAE04EC0-301F-11D3-BF4B-00C04F79EFBC}") = "ProgramDirect.API", "ProgramDirect\ProgramDirect.API.csproj", "{DFC4C864-C791-45B2-A46C-4B5F2E624ADC}"
EndProject
Project("{FAE04EC0-301F-11D3-BF4B-00C04F79EFBC}") = "ProgramDirect.Common", "ProgramDirect.Common\ProgramDirect.Common.csproj", "{58B2D353-A4F3-4DDF-AFFB-1025A7F3D1D3}"
EndProject
Project("{FAE04EC0-301F-11D3-BF4B-00C04F79EFBC}") = "ProgramDirect.Domain", "ProgramDirect.Domain\ProgramDirect.Domain.csproj", "{D5E25A63-ACFD-47E1-A169-B11E29B4F616}"
EndProject
Project("{FAE04EC0-301F-11D3-BF4B-00C04F79EFBC}") = "ProgramDirect.Application", "ProgramDirect.Application\ProgramDirect.Application.csproj", "{B8D87D97-9FAA-4407-BA84-9FAFB374B755}"
EndProject
Project("{FAE04EC0-301F-11D3-BF4B-00C04F79EFBC}") = "ProgramDirect.Infrastruture", "ProgramDirect.Infrastruture\ProgramDirect.Infrastruture.csproj", "{B939864D-BD62-402F-A357-0D1898EA1468}"
EndProject
Global
	GlobalSection(SolutionConfigurationPlatforms) = preSolution
		Debug|Any CPU = Debug|Any CPU
		Release|Any CPU = Release|Any CPU
	EndGlobalSection
	GlobalSection(ProjectConfigurationPlatforms) = postSolution
		{DFC4C864-C791-45B2-A46C-4B5F2E624ADC}.Debug|Any CPU.ActiveCfg = Debug|Any CPU
		{DFC4C864-C791-45B2-A46C-4B5F2E624ADC}.Debug|Any CPU.Build.0 = Debug|Any CPU
		{DFC4C864-C791-45B2-A46C-4B5F2E624ADC}.Release|Any CPU.ActiveCfg = Release|Any CPU
		{DFC4C864-C791-45B2-A46C-4B5F2E624ADC}.Release|Any CPU.Build.0 = Release|Any CPU
		{58B2D353-A4F3-4DDF-AFFB-1025A7F3D1D3}.Debug|Any CPU.ActiveCfg = Debug|Any CPU
		{58B2D353-A4F3-4DDF-AFFB-1025A7F3D1D3}.Debug|Any CPU.Build.0 = Debug|Any CPU
		{58B2D353-A4F3-4DDF-AFFB-1025A7F3D1D3}.Release|Any CPU.ActiveCfg = Release|Any CPU
		{58B2D353-A4F3-4DDF-AFFB-1025A7F3D1D3}.Release|Any CPU.Build.0 = Release|Any CPU
		{D5E25A63-ACFD-47E1-A169-B11E29B4F616}.Debug|Any CPU.ActiveCfg = Debug|Any CPU
		{D5E25A63-ACFD-47E1-A169-B11E29B4F616}.Debug|Any CPU.Build.0 = Debug|Any CPU
		{D5E25A63-ACFD-47E1-A169-B11E29B4F616}.Release|Any CPU.ActiveCfg = Release|Any CPU
		{D5E25A63-ACFD-47E1-A169-B11E29B4F616}.Release|Any CPU.Build.0 = Release|Any CPU
		{B8D87D97-9FAA-4407-BA84-9FAFB374B755}.Debug|Any CPU.ActiveCfg = Debug|Any CPU
		{B8D87D97-9FAA-4407-BA84-9FAFB374B755}.Debug|Any CPU.Build.0 = Debug|Any CPU
		{B8D87D97-9FAA-4407-BA84-9FAFB374B755}.Release|Any CPU.ActiveCfg = Release|Any CPU
		{B8D87D97-9FAA-4407-BA84-9FAFB374B755}.Release|Any CPU.Build.0 = Release|Any CPU
		{B939864D-BD62-402F-A357-0D1898EA1468}.Debug|Any CPU.ActiveCfg = Debug|Any CPU
		{B939864D-BD62-402F-A357-0D1898EA1468}.Debug|Any CPU.Build.0 = Debug|Any CPU
		{B939864D-BD62-402F-A357-0D1898EA1468}.Release|Any CPU.ActiveCfg = Release|Any CPU
		{B939864D-BD62-402F-A357-0D1898EA1468}.Release|Any CPU.Build.0 = Release|Any CPU
	EndGlobalSection
	GlobalSection(SolutionProperties) = preSolution
		HideSolutionNode = FALSE
	EndGlobalSection
	GlobalSection(ExtensibilityGlobals) = postSolution
		SolutionGuid = {FB23E46F-3C3A-49E6-B2BA-ABFC623AFB8F}
	EndGlobalSection
EndGlobal
